// !$*UTF8*$!
{
	archiveVersion = 1;
	classes = {
	};
	objectVersion = 56;
	objects = {

/* Begin PBXBuildFile section */
		847601F82C98CA0C008703C4 /* Extensions.swift in Sources */ = {isa = PBXBuildFile; fileRef = 847601F72C98CA0C008703C4 /* Extensions.swift */; };
		847602052CA2712E008703C4 /* TaskView.swift in Sources */ = {isa = PBXBuildFile; fileRef = 847602032CA2712E008703C4 /* TaskView.swift */; };
		847602062CA2712E008703C4 /* DraggableAndDropDestination.swift in Sources */ = {isa = PBXBuildFile; fileRef = 847602042CA2712E008703C4 /* DraggableAndDropDestination.swift */; };
		84DBB08E2C98C8FF00671FD5 /* 2. GridLayout.swift in Sources */ = {isa = PBXBuildFile; fileRef = 84DBB08D2C98C8FF00671FD5 /* 2. GridLayout.swift */; };
		84FB23B52C8F61B600F4C72C /* SwiftUI_Useful_ComponentsApp.swift in Sources */ = {isa = PBXBuildFile; fileRef = 84FB23B42C8F61B600F4C72C /* SwiftUI_Useful_ComponentsApp.swift */; };
		84FB23B92C8F61B800F4C72C /* Assets.xcassets in Resources */ = {isa = PBXBuildFile; fileRef = 84FB23B82C8F61B800F4C72C /* Assets.xcassets */; };
		84FB23BC2C8F61B800F4C72C /* Preview Assets.xcassets in Resources */ = {isa = PBXBuildFile; fileRef = 84FB23BB2C8F61B800F4C72C /* Preview Assets.xcassets */; };
		84FB23C42C8F654C00F4C72C /* 1. FloatingMenu+GridItem.swift in Sources */ = {isa = PBXBuildFile; fileRef = 84FB23C32C8F654C00F4C72C /* 1. FloatingMenu+GridItem.swift */; };
/* End PBXBuildFile section */

/* Begin PBXFileReference section */
		847601F72C98CA0C008703C4 /* Extensions.swift */ = {isa = PBXFileReference; lastKnownFileType = sourcecode.swift; path = Extensions.swift; sourceTree = "<group>"; };
		847602032CA2712E008703C4 /* TaskView.swift */ = {isa = PBXFileReference; fileEncoding = 4; lastKnownFileType = sourcecode.swift; path = TaskView.swift; sourceTree = "<group>"; };
		847602042CA2712E008703C4 /* DraggableAndDropDestination.swift */ = {isa = PBXFileReference; fileEncoding = 4; lastKnownFileType = sourcecode.swift; path = DraggableAndDropDestination.swift; sourceTree = "<group>"; };
		84DBB08D2C98C8FF00671FD5 /* 2. GridLayout.swift */ = {isa = PBXFileReference; lastKnownFileType = sourcecode.swift; path = "2. GridLayout.swift"; sourceTree = "<group>"; };
		84FB23B12C8F61B600F4C72C /* SwiftUI Useful Components.app */ = {isa = PBXFileReference; explicitFileType = wrapper.application; includeInIndex = 0; path = "SwiftUI Useful Components.app"; sourceTree = BUILT_PRODUCTS_DIR; };
		84FB23B42C8F61B600F4C72C /* SwiftUI_Useful_ComponentsApp.swift */ = {isa = PBXFileReference; lastKnownFileType = sourcecode.swift; path = SwiftUI_Useful_ComponentsApp.swift; sourceTree = "<group>"; };
		84FB23B82C8F61B800F4C72C /* Assets.xcassets */ = {isa = PBXFileReference; lastKnownFileType = folder.assetcatalog; path = Assets.xcassets; sourceTree = "<group>"; };
		84FB23BB2C8F61B800F4C72C /* Preview Assets.xcassets */ = {isa = PBXFileReference; lastKnownFileType = folder.assetcatalog; path = "Preview Assets.xcassets"; sourceTree = "<group>"; };
		84FB23C32C8F654C00F4C72C /* 1. FloatingMenu+GridItem.swift */ = {isa = PBXFileReference; fileEncoding = 4; lastKnownFileType = sourcecode.swift; path = "1. FloatingMenu+GridItem.swift"; sourceTree = "<group>"; };
/* End PBXFileReference section */

/* Begin PBXFrameworksBuildPhase section */
		84FB23AE2C8F61B600F4C72C /* Frameworks */ = {
			isa = PBXFrameworksBuildPhase;
			buildActionMask = 2147483647;
			files = (
			);
			runOnlyForDeploymentPostprocessing = 0;
		};
/* End PBXFrameworksBuildPhase section */

/* Begin PBXGroup section */
		847602022CA27119008703C4 /* 3. Draggable and DropDestination */ = {
			isa = PBXGroup;
			children = (
				847602042CA2712E008703C4 /* DraggableAndDropDestination.swift */,
				847602032CA2712E008703C4 /* TaskView.swift */,
			);
			path = "3. Draggable and DropDestination";
			sourceTree = "<group>";
		};
		84FB23A82C8F61B600F4C72C = {
			isa = PBXGroup;
			children = (
				84FB23B32C8F61B600F4C72C /* SwiftUI Useful Components */,
				84FB23B22C8F61B600F4C72C /* Products */,
			);
			sourceTree = "<group>";
		};
		84FB23B22C8F61B600F4C72C /* Products */ = {
			isa = PBXGroup;
			children = (
				84FB23B12C8F61B600F4C72C /* SwiftUI Useful Components.app */,
			);
			name = Products;
			sourceTree = "<group>";
		};
		84FB23B32C8F61B600F4C72C /* SwiftUI Useful Components */ = {
			isa = PBXGroup;
			children = (
				847602022CA27119008703C4 /* 3. Draggable and DropDestination */,
				84DBB08D2C98C8FF00671FD5 /* 2. GridLayout.swift */,
				84FB23C32C8F654C00F4C72C /* 1. FloatingMenu+GridItem.swift */,
				84FB23B42C8F61B600F4C72C /* SwiftUI_Useful_ComponentsApp.swift */,
				84FB23B82C8F61B800F4C72C /* Assets.xcassets */,
				84FB23BA2C8F61B800F4C72C /* Preview Content */,
				847601F72C98CA0C008703C4 /* Extensions.swift */,
			);
			path = "SwiftUI Useful Components";
			sourceTree = "<group>";
		};
		84FB23BA2C8F61B800F4C72C /* Preview Content */ = {
			isa = PBXGroup;
			children = (
				84FB23BB2C8F61B800F4C72C /* Preview Assets.xcassets */,
			);
			path = "Preview Content";
			sourceTree = "<group>";
		};
/* End PBXGroup section */

/* Begin PBXNativeTarget section */
		84FB23B02C8F61B600F4C72C /* SwiftUI Useful Components */ = {
			isa = PBXNativeTarget;
			buildConfigurationList = 84FB23BF2C8F61B800F4C72C /* Build configuration list for PBXNativeTarget "SwiftUI Useful Components" */;
			buildPhases = (
				84FB23AD2C8F61B600F4C72C /* Sources */,
				84FB23AE2C8F61B600F4C72C /* Frameworks */,
				84FB23AF2C8F61B600F4C72C /* Resources */,
			);
			buildRules = (
			);
			dependencies = (
			);
			name = "SwiftUI Useful Components";
			productName = "SwiftUI Useful Components";
			productReference = 84FB23B12C8F61B600F4C72C /* SwiftUI Useful Components.app */;
			productType = "com.apple.product-type.application";
		};
/* End PBXNativeTarget section */

/* Begin PBXProject section */
		84FB23A92C8F61B600F4C72C /* Project object */ = {
			isa = PBXProject;
			attributes = {
				BuildIndependentTargetsInParallel = 1;
				LastSwiftUpdateCheck = 1500;
				LastUpgradeCheck = 1500;
				TargetAttributes = {
					84FB23B02C8F61B600F4C72C = {
						CreatedOnToolsVersion = 15.0;
					};
				};
			};
			buildConfigurationList = 84FB23AC2C8F61B600F4C72C /* Build configuration list for PBXProject "SwiftUI Useful Components" */;
			compatibilityVersion = "Xcode 14.0";
			developmentRegion = en;
			hasScannedForEncodings = 0;
			knownRegions = (
				en,
				Base,
			);
			mainGroup = 84FB23A82C8F61B600F4C72C;
			productRefGroup = 84FB23B22C8F61B600F4C72C /* Products */;
			projectDirPath = "";
			projectRoot = "";
			targets = (
				84FB23B02C8F61B600F4C72C /* SwiftUI Useful Components */,
			);
		};
/* End PBXProject section */

/* Begin PBXResourcesBuildPhase section */
		84FB23AF2C8F61B600F4C72C /* Resources */ = {
			isa = PBXResourcesBuildPhase;
			buildActionMask = 2147483647;
			files = (
				84FB23BC2C8F61B800F4C72C /* Preview Assets.xcassets in Resources */,
				84FB23B92C8F61B800F4C72C /* Assets.xcassets in Resources */,
			);
			runOnlyForDeploymentPostprocessing = 0;
		};
/* End PBXResourcesBuildPhase section */

/* Begin PBXSourcesBuildPhase section */
		84FB23AD2C8F61B600F4C72C /* Sources */ = {
			isa = PBXSourcesBuildPhase;
			buildActionMask = 2147483647;
			files = (
				84DBB08E2C98C8FF00671FD5 /* 2. GridLayout.swift in Sources */,
				847602062CA2712E008703C4 /* DraggableAndDropDestination.swift in Sources */,
				84FB23C42C8F654C00F4C72C /* 1. FloatingMenu+GridItem.swift in Sources */,
				84FB23B52C8F61B600F4C72C /* SwiftUI_Useful_ComponentsApp.swift in Sources */,
				847602052CA2712E008703C4 /* TaskView.swift in Sources */,
				847601F82C98CA0C008703C4 /* Extensions.swift in Sources */,
			);
			runOnlyForDeploymentPostprocessing = 0;
		};
/* End PBXSourcesBuildPhase section */

/* Begin XCBuildConfiguration section */
		84FB23BD2C8F61B800F4C72C /* Debug */ = {
			isa = XCBuildConfiguration;
			buildSettings = {
				ALWAYS_SEARCH_USER_PATHS = NO;
				ASSETCATALOG_COMPILER_GENERATE_SWIFT_ASSET_SYMBOL_EXTENSIONS = YES;
				CLANG_ANALYZER_NONNULL = YES;
				CLANG_ANALYZER_NUMBER_OBJECT_CONVERSION = YES_AGGRESSIVE;
				CLANG_CXX_LANGUAGE_STANDARD = "gnu++20";
				CLANG_ENABLE_MODULES = YES;
				CLANG_ENABLE_OBJC_ARC = YES;
				CLANG_ENABLE_OBJC_WEAK = YES;
				CLANG_WARN_BLOCK_CAPTURE_AUTORELEASING = YES;
				CLANG_WARN_BOOL_CONVERSION = YES;
				CLANG_WARN_COMMA = YES;
				CLANG_WARN_CONSTANT_CONVERSION = YES;
				CLANG_WARN_DEPRECATED_OBJC_IMPLEMENTATIONS = YES;
				CLANG_WARN_DIRECT_OBJC_ISA_USAGE = YES_ERROR;
				CLANG_WARN_DOCUMENTATION_COMMENTS = YES;
				CLANG_WARN_EMPTY_BODY = YES;
				CLANG_WARN_ENUM_CONVERSION = YES;
				CLANG_WARN_INFINITE_RECURSION = YES;
				CLANG_WARN_INT_CONVERSION = YES;
				CLANG_WARN_NON_LITERAL_NULL_CONVERSION = YES;
				CLANG_WARN_OBJC_IMPLICIT_RETAIN_SELF = YES;
				CLANG_WARN_OBJC_LITERAL_CONVERSION = YES;
				CLANG_WARN_OBJC_ROOT_CLASS = YES_ERROR;
				CLANG_WARN_QUOTED_INCLUDE_IN_FRAMEWORK_HEADER = YES;
				CLANG_WARN_RANGE_LOOP_ANALYSIS = YES;
				CLANG_WARN_STRICT_PROTOTYPES = YES;
				CLANG_WARN_SUSPICIOUS_MOVE = YES;
				CLANG_WARN_UNGUARDED_AVAILABILITY = YES_AGGRESSIVE;
				CLANG_WARN_UNREACHABLE_CODE = YES;
				CLANG_WARN__DUPLICATE_METHOD_MATCH = YES;
				COPY_PHASE_STRIP = NO;
				DEBUG_INFORMATION_FORMAT = dwarf;
				ENABLE_STRICT_OBJC_MSGSEND = YES;
				ENABLE_TESTABILITY = YES;
				ENABLE_USER_SCRIPT_SANDBOXING = YES;
				GCC_C_LANGUAGE_STANDARD = gnu17;
				GCC_DYNAMIC_NO_PIC = NO;
				GCC_NO_COMMON_BLOCKS = YES;
				GCC_OPTIMIZATION_LEVEL = 0;
				GCC_PREPROCESSOR_DEFINITIONS = (
					"DEBUG=1",
					"$(inherited)",
				);
				GCC_WARN_64_TO_32_BIT_CONVERSION = YES;
				GCC_WARN_ABOUT_RETURN_TYPE = YES_ERROR;
				GCC_WARN_UNDECLARED_SELECTOR = YES;
				GCC_WARN_UNINITIALIZED_AUTOS = YES_AGGRESSIVE;
				GCC_WARN_UNUSED_FUNCTION = YES;
				GCC_WARN_UNUSED_VARIABLE = YES;
				IPHONEOS_DEPLOYMENT_TARGET = 17.0;
				LOCALIZATION_PREFERS_STRING_CATALOGS = YES;
				MTL_ENABLE_DEBUG_INFO = INCLUDE_SOURCE;
				MTL_FAST_MATH = YES;
				ONLY_ACTIVE_ARCH = YES;
				SDKROOT = iphoneos;
				SWIFT_ACTIVE_COMPILATION_CONDITIONS = "DEBUG $(inherited)";
				SWIFT_OPTIMIZATION_LEVEL = "-Onone";
			};
			name = Debug;
		};
		84FB23BE2C8F61B800F4C72C /* Release */ = {
			isa = XCBuildConfiguration;
			buildSettings = {
				ALWAYS_SEARCH_USER_PATHS = NO;
				ASSETCATALOG_COMPILER_GENERATE_SWIFT_ASSET_SYMBOL_EXTENSIONS = YES;
				CLANG_ANALYZER_NONNULL = YES;
				CLANG_ANALYZER_NUMBER_OBJECT_CONVERSION = YES_AGGRESSIVE;
				CLANG_CXX_LANGUAGE_STANDARD = "gnu++20";
				CLANG_ENABLE_MODULES = YES;
				CLANG_ENABLE_OBJC_ARC = YES;
				CLANG_ENABLE_OBJC_WEAK = YES;
				CLANG_WARN_BLOCK_CAPTURE_AUTORELEASING = YES;
				CLANG_WARN_BOOL_CONVERSION = YES;
				CLANG_WARN_COMMA = YES;
				CLANG_WARN_CONSTANT_CONVERSION = YES;
				CLANG_WARN_DEPRECATED_OBJC_IMPLEMENTATIONS = YES;
				CLANG_WARN_DIRECT_OBJC_ISA_USAGE = YES_ERROR;
				CLANG_WARN_DOCUMENTATION_COMMENTS = YES;
				CLANG_WARN_EMPTY_BODY = YES;
				CLANG_WARN_ENUM_CONVERSION = YES;
				CLANG_WARN_INFINITE_RECURSION = YES;
				CLANG_WARN_INT_CONVERSION = YES;
				CLANG_WARN_NON_LITERAL_NULL_CONVERSION = YES;
				CLANG_WARN_OBJC_IMPLICIT_RETAIN_SELF = YES;
				CLANG_WARN_OBJC_LITERAL_CONVERSION = YES;
				CLANG_WARN_OBJC_ROOT_CLASS = YES_ERROR;
				CLANG_WARN_QUOTED_INCLUDE_IN_FRAMEWORK_HEADER = YES;
				CLANG_WARN_RANGE_LOOP_ANALYSIS = YES;
				CLANG_WARN_STRICT_PROTOTYPES = YES;
				CLANG_WARN_SUSPICIOUS_MOVE = YES;
				CLANG_WARN_UNGUARDED_AVAILABILITY = YES_AGGRESSIVE;
				CLANG_WARN_UNREACHABLE_CODE = YES;
				CLANG_WARN__DUPLICATE_METHOD_MATCH = YES;
				COPY_PHASE_STRIP = NO;
				DEBUG_INFORMATION_FORMAT = "dwarf-with-dsym";
				ENABLE_NS_ASSERTIONS = NO;
				ENABLE_STRICT_OBJC_MSGSEND = YES;
				ENABLE_USER_SCRIPT_SANDBOXING = YES;
				GCC_C_LANGUAGE_STANDARD = gnu17;
				GCC_NO_COMMON_BLOCKS = YES;
				GCC_WARN_64_TO_32_BIT_CONVERSION = YES;
				GCC_WARN_ABOUT_RETURN_TYPE = YES_ERROR;
				GCC_WARN_UNDECLARED_SELECTOR = YES;
				GCC_WARN_UNINITIALIZED_AUTOS = YES_AGGRESSIVE;
				GCC_WARN_UNUSED_FUNCTION = YES;
				GCC_WARN_UNUSED_VARIABLE = YES;
				IPHONEOS_DEPLOYMENT_TARGET = 17.0;
				LOCALIZATION_PREFERS_STRING_CATALOGS = YES;
				MTL_ENABLE_DEBUG_INFO = NO;
				MTL_FAST_MATH = YES;
				SDKROOT = iphoneos;
				SWIFT_COMPILATION_MODE = wholemodule;
				VALIDATE_PRODUCT = YES;
			};
			name = Release;
		};
		84FB23C02C8F61B800F4C72C /* Debug */ = {
			isa = XCBuildConfiguration;
			buildSettings = {
				ASSETCATALOG_COMPILER_APPICON_NAME = AppIcon;
				ASSETCATALOG_COMPILER_GLOBAL_ACCENT_COLOR_NAME = AccentColor;
				CODE_SIGN_STYLE = Automatic;
				CURRENT_PROJECT_VERSION = 1;
				DEVELOPMENT_ASSET_PATHS = "\"SwiftUI Useful Components/Preview Content\"";
				DEVELOPMENT_TEAM = 8QYNBM8TBH;
				ENABLE_PREVIEWS = YES;
				GENERATE_INFOPLIST_FILE = YES;
				INFOPLIST_KEY_UIApplicationSceneManifest_Generation = YES;
				INFOPLIST_KEY_UIApplicationSupportsIndirectInputEvents = YES;
				INFOPLIST_KEY_UILaunchScreen_Generation = YES;
				INFOPLIST_KEY_UISupportedInterfaceOrientations_iPad = "UIInterfaceOrientationPortrait UIInterfaceOrientationPortraitUpsideDown UIInterfaceOrientationLandscapeLeft UIInterfaceOrientationLandscapeRight";
				INFOPLIST_KEY_UISupportedInterfaceOrientations_iPhone = "UIInterfaceOrientationPortrait UIInterfaceOrientationLandscapeLeft UIInterfaceOrientationLandscapeRight";
				IPHONEOS_DEPLOYMENT_TARGET = 16.0;
				LD_RUNPATH_SEARCH_PATHS = (
					"$(inherited)",
					"@executable_path/Frameworks",
				);
				MARKETING_VERSION = 1.0;
				PRODUCT_BUNDLE_IDENTIFIER = "com.abdul.SwiftUI-Useful-Components";
				PRODUCT_NAME = "$(TARGET_NAME)";
				SWIFT_EMIT_LOC_STRINGS = YES;
				SWIFT_VERSION = 5.0;
				TARGETED_DEVICE_FAMILY = "1,2";
			};
			name = Debug;
		};
		84FB23C12C8F61B800F4C72C /* Release */ = {
			isa = XCBuildConfiguration;
			buildSettings = {
				ASSETCATALOG_COMPILER_APPICON_NAME = AppIcon;
				ASSETCATALOG_COMPILER_GLOBAL_ACCENT_COLOR_NAME = AccentColor;
				CODE_SIGN_STYLE = Automatic;
				CURRENT_PROJECT_VERSION = 1;
				DEVELOPMENT_ASSET_PATHS = "\"SwiftUI Useful Components/Preview Content\"";
				DEVELOPMENT_TEAM = 8QYNBM8TBH;
				ENABLE_PREVIEWS = YES;
				GENERATE_INFOPLIST_FILE = YES;
				INFOPLIST_KEY_UIApplicationSceneManifest_Generation = YES;
				INFOPLIST_KEY_UIApplicationSupportsIndirectInputEvents = YES;
				INFOPLIST_KEY_UILaunchScreen_Generation = YES;
				INFOPLIST_KEY_UISupportedInterfaceOrientations_iPad = "UIInterfaceOrientationPortrait UIInterfaceOrientationPortraitUpsideDown UIInterfaceOrientationLandscapeLeft UIInterfaceOrientationLandscapeRight";
				INFOPLIST_KEY_UISupportedInterfaceOrientations_iPhone = "UIInterfaceOrientationPortrait UIInterfaceOrientationLandscapeLeft UIInterfaceOrientationLandscapeRight";
				IPHONEOS_DEPLOYMENT_TARGET = 16.0;
				LD_RUNPATH_SEARCH_PATHS = (
					"$(inherited)",
					"@executable_path/Frameworks",
				);
				MARKETING_VERSION = 1.0;
				PRODUCT_BUNDLE_IDENTIFIER = "com.abdul.SwiftUI-Useful-Components";
				PRODUCT_NAME = "$(TARGET_NAME)";
				SWIFT_EMIT_LOC_STRINGS = YES;
				SWIFT_VERSION = 5.0;
				TARGETED_DEVICE_FAMILY = "1,2";
			};
			name = Release;
		};
/* End XCBuildConfiguration section */

/* Begin XCConfigurationList section */
		84FB23AC2C8F61B600F4C72C /* Build configuration list for PBXProject "SwiftUI Useful Components" */ = {
			isa = XCConfigurationList;
			buildConfigurations = (
				84FB23BD2C8F61B800F4C72C /* Debug */,
				84FB23BE2C8F61B800F4C72C /* Release */,
			);
			defaultConfigurationIsVisible = 0;
			defaultConfigurationName = Release;
		};
		84FB23BF2C8F61B800F4C72C /* Build configuration list for PBXNativeTarget "SwiftUI Useful Components" */ = {
			isa = XCConfigurationList;
			buildConfigurations = (
				84FB23C02C8F61B800F4C72C /* Debug */,
				84FB23C12C8F61B800F4C72C /* Release */,
			);
			defaultConfigurationIsVisible = 0;
			defaultConfigurationName = Release;
		};
/* End XCConfigurationList section */
	};
	rootObject = 84FB23A92C8F61B600F4C72C /* Project object */;
}
